
Microsoft Visual Studio Solution File, Format Version 12.00
Project("{FAE04EC0-301F-11D3-BF4B-00C04F79EFBC}") = "_001", "_001\_001.csproj", "{713A6042-A8BE-4E93-998A-B1DF86991172}"
EndProject
Project("{FAE04EC0-301F-11D3-BF4B-00C04F79EFBC}") = "_002", "_002\_002.csproj", "{B6AF1C94-FE9C-4F11-B315-1BAEE81F34B5}"
EndProject
Project("{FAE04EC0-301F-11D3-BF4B-00C04F79EFBC}") = "_003", "_003\_003.csproj", "{680C59DC-107C-4BF7-875E-9C308D71A8B0}"
EndProject
Project("{FAE04EC0-301F-11D3-BF4B-00C04F79EFBC}") = "_004", "_004\_004.csproj", "{C4EFDB5F-9EF7-4DFD-9C4E-CD05F4E089E6}"
EndProject
Project("{FAE04EC0-301F-11D3-BF4B-00C04F79EFBC}") = "_005", "_005\_005.csproj", "{8DCCD599-337A-4D21-9387-DEBBE49F0BE9}"
EndProject
Project("{FAE04EC0-301F-11D3-BF4B-00C04F79EFBC}") = "_006", "_006\_006.csproj", "{9F2ECFB3-7E78-4E43-ADCC-C6806D4C445D}"
EndProject
Project("{FAE04EC0-301F-11D3-BF4B-00C04F79EFBC}") = "_007", "_007\_007.csproj", "{DDBF54CA-30DE-4AFD-AEB1-5F40E6781244}"
EndProject
Global
	GlobalSection(SolutionConfigurationPlatforms) = preSolution
		Debug|Any CPU = Debug|Any CPU
		Release|Any CPU = Release|Any CPU
	EndGlobalSection
	GlobalSection(ProjectConfigurationPlatforms) = postSolution
		{713A6042-A8BE-4E93-998A-B1DF86991172}.Debug|Any CPU.ActiveCfg = Debug|Any CPU
		{713A6042-A8BE-4E93-998A-B1DF86991172}.Debug|Any CPU.Build.0 = Debug|Any CPU
		{713A6042-A8BE-4E93-998A-B1DF86991172}.Release|Any CPU.ActiveCfg = Release|Any CPU
		{713A6042-A8BE-4E93-998A-B1DF86991172}.Release|Any CPU.Build.0 = Release|Any CPU
		{B6AF1C94-FE9C-4F11-B315-1BAEE81F34B5}.Debug|Any CPU.ActiveCfg = Debug|Any CPU
		{B6AF1C94-FE9C-4F11-B315-1BAEE81F34B5}.Debug|Any CPU.Build.0 = Debug|Any CPU
		{B6AF1C94-FE9C-4F11-B315-1BAEE81F34B5}.Release|Any CPU.ActiveCfg = Release|Any CPU
		{B6AF1C94-FE9C-4F11-B315-1BAEE81F34B5}.Release|Any CPU.Build.0 = Release|Any CPU
		{680C59DC-107C-4BF7-875E-9C308D71A8B0}.Debug|Any CPU.ActiveCfg = Debug|Any CPU
		{680C59DC-107C-4BF7-875E-9C308D71A8B0}.Debug|Any CPU.Build.0 = Debug|Any CPU
		{680C59DC-107C-4BF7-875E-9C308D71A8B0}.Release|Any CPU.ActiveCfg = Release|Any CPU
		{680C59DC-107C-4BF7-875E-9C308D71A8B0}.Release|Any CPU.Build.0 = Release|Any CPU
		{C4EFDB5F-9EF7-4DFD-9C4E-CD05F4E089E6}.Debug|Any CPU.ActiveCfg = Debug|Any CPU
		{C4EFDB5F-9EF7-4DFD-9C4E-CD05F4E089E6}.Debug|Any CPU.Build.0 = Debug|Any CPU
		{C4EFDB5F-9EF7-4DFD-9C4E-CD05F4E089E6}.Release|Any CPU.ActiveCfg = Release|Any CPU
		{C4EFDB5F-9EF7-4DFD-9C4E-CD05F4E089E6}.Release|Any CPU.Build.0 = Release|Any CPU
		{8DCCD599-337A-4D21-9387-DEBBE49F0BE9}.Debug|Any CPU.ActiveCfg = Debug|Any CPU
		{8DCCD599-337A-4D21-9387-DEBBE49F0BE9}.Debug|Any CPU.Build.0 = Debug|Any CPU
		{8DCCD599-337A-4D21-9387-DEBBE49F0BE9}.Release|Any CPU.ActiveCfg = Release|Any CPU
		{8DCCD599-337A-4D21-9387-DEBBE49F0BE9}.Release|Any CPU.Build.0 = Release|Any CPU
		{9F2ECFB3-7E78-4E43-ADCC-C6806D4C445D}.Debug|Any CPU.ActiveCfg = Debug|Any CPU
		{9F2ECFB3-7E78-4E43-ADCC-C6806D4C445D}.Debug|Any CPU.Build.0 = Debug|Any CPU
		{9F2ECFB3-7E78-4E43-ADCC-C6806D4C445D}.Release|Any CPU.ActiveCfg = Release|Any CPU
		{9F2ECFB3-7E78-4E43-ADCC-C6806D4C445D}.Release|Any CPU.Build.0 = Release|Any CPU
		{DDBF54CA-30DE-4AFD-AEB1-5F40E6781244}.Debug|Any CPU.ActiveCfg = Debug|Any CPU
		{DDBF54CA-30DE-4AFD-AEB1-5F40E6781244}.Debug|Any CPU.Build.0 = Debug|Any CPU
		{DDBF54CA-30DE-4AFD-AEB1-5F40E6781244}.Release|Any CPU.ActiveCfg = Release|Any CPU
		{DDBF54CA-30DE-4AFD-AEB1-5F40E6781244}.Release|Any CPU.Build.0 = Release|Any CPU
	EndGlobalSection
EndGlobal
