
Microsoft Visual Studio Solution File, Format Version 12.00
Project("{FAE04EC0-301F-11D3-BF4B-00C04F79EFBC}") = "_001", "_001\_001.csproj", "{AEFD5DC8-FDA9-4142-8F32-8D0F6D5EA873}"
EndProject
Project("{FAE04EC0-301F-11D3-BF4B-00C04F79EFBC}") = "_002", "_002\_002.csproj", "{4232EBD9-7A3F-4598-B1B6-0266388BD55D}"
EndProject
Project("{FAE04EC0-301F-11D3-BF4B-00C04F79EFBC}") = "_003", "_003\_003.csproj", "{38D5DDA2-00B2-4D37-B6D2-4B9474E9E2D5}"
EndProject
Project("{FAE04EC0-301F-11D3-BF4B-00C04F79EFBC}") = "_004", "_004\_004.csproj", "{21EDD9DA-A5B2-461C-801D-6ECDA0D534C8}"
EndProject
Project("{FAE04EC0-301F-11D3-BF4B-00C04F79EFBC}") = "_005", "_005\_005.csproj", "{26B9A436-148B-45A7-B998-7773C5ED85E5}"
EndProject
Project("{FAE04EC0-301F-11D3-BF4B-00C04F79EFBC}") = "_006", "_006\_006.csproj", "{E4F16424-2E1F-42DE-A16D-042823035BFC}"
EndProject
Project("{FAE04EC0-301F-11D3-BF4B-00C04F79EFBC}") = "_007", "_007\_007.csproj", "{6B1457B2-3311-47A4-94A4-CE953D7CDE7C}"
EndProject
Project("{FAE04EC0-301F-11D3-BF4B-00C04F79EFBC}") = "_008", "_008\_008.csproj", "{304FF427-C8CB-4355-AC2A-C7369620F61F}"
EndProject
Project("{FAE04EC0-301F-11D3-BF4B-00C04F79EFBC}") = "_009", "_009\_009.csproj", "{95B8934A-A724-416A-9E0F-815095D7D7D3}"
EndProject
Project("{FAE04EC0-301F-11D3-BF4B-00C04F79EFBC}") = "ConsoleApp1_010", "ConsoleApp1_010\ConsoleApp1_010.csproj", "{B2CB6F37-BD5D-43BA-89F5-844D8A787C52}"
EndProject
Global
	GlobalSection(SolutionConfigurationPlatforms) = preSolution
		Debug|Any CPU = Debug|Any CPU
		Release|Any CPU = Release|Any CPU
	EndGlobalSection
	GlobalSection(ProjectConfigurationPlatforms) = postSolution
		{AEFD5DC8-FDA9-4142-8F32-8D0F6D5EA873}.Debug|Any CPU.ActiveCfg = Debug|Any CPU
		{AEFD5DC8-FDA9-4142-8F32-8D0F6D5EA873}.Debug|Any CPU.Build.0 = Debug|Any CPU
		{AEFD5DC8-FDA9-4142-8F32-8D0F6D5EA873}.Release|Any CPU.ActiveCfg = Release|Any CPU
		{AEFD5DC8-FDA9-4142-8F32-8D0F6D5EA873}.Release|Any CPU.Build.0 = Release|Any CPU
		{4232EBD9-7A3F-4598-B1B6-0266388BD55D}.Debug|Any CPU.ActiveCfg = Debug|Any CPU
		{4232EBD9-7A3F-4598-B1B6-0266388BD55D}.Debug|Any CPU.Build.0 = Debug|Any CPU
		{4232EBD9-7A3F-4598-B1B6-0266388BD55D}.Release|Any CPU.ActiveCfg = Release|Any CPU
		{4232EBD9-7A3F-4598-B1B6-0266388BD55D}.Release|Any CPU.Build.0 = Release|Any CPU
		{38D5DDA2-00B2-4D37-B6D2-4B9474E9E2D5}.Debug|Any CPU.ActiveCfg = Debug|Any CPU
		{38D5DDA2-00B2-4D37-B6D2-4B9474E9E2D5}.Debug|Any CPU.Build.0 = Debug|Any CPU
		{38D5DDA2-00B2-4D37-B6D2-4B9474E9E2D5}.Release|Any CPU.ActiveCfg = Release|Any CPU
		{38D5DDA2-00B2-4D37-B6D2-4B9474E9E2D5}.Release|Any CPU.Build.0 = Release|Any CPU
		{21EDD9DA-A5B2-461C-801D-6ECDA0D534C8}.Debug|Any CPU.ActiveCfg = Debug|Any CPU
		{21EDD9DA-A5B2-461C-801D-6ECDA0D534C8}.Debug|Any CPU.Build.0 = Debug|Any CPU
		{21EDD9DA-A5B2-461C-801D-6ECDA0D534C8}.Release|Any CPU.ActiveCfg = Release|Any CPU
		{21EDD9DA-A5B2-461C-801D-6ECDA0D534C8}.Release|Any CPU.Build.0 = Release|Any CPU
		{26B9A436-148B-45A7-B998-7773C5ED85E5}.Debug|Any CPU.ActiveCfg = Debug|Any CPU
		{26B9A436-148B-45A7-B998-7773C5ED85E5}.Debug|Any CPU.Build.0 = Debug|Any CPU
		{26B9A436-148B-45A7-B998-7773C5ED85E5}.Release|Any CPU.ActiveCfg = Release|Any CPU
		{26B9A436-148B-45A7-B998-7773C5ED85E5}.Release|Any CPU.Build.0 = Release|Any CPU
		{E4F16424-2E1F-42DE-A16D-042823035BFC}.Debug|Any CPU.ActiveCfg = Debug|Any CPU
		{E4F16424-2E1F-42DE-A16D-042823035BFC}.Debug|Any CPU.Build.0 = Debug|Any CPU
		{E4F16424-2E1F-42DE-A16D-042823035BFC}.Release|Any CPU.ActiveCfg = Release|Any CPU
		{E4F16424-2E1F-42DE-A16D-042823035BFC}.Release|Any CPU.Build.0 = Release|Any CPU
		{6B1457B2-3311-47A4-94A4-CE953D7CDE7C}.Debug|Any CPU.ActiveCfg = Debug|Any CPU
		{6B1457B2-3311-47A4-94A4-CE953D7CDE7C}.Debug|Any CPU.Build.0 = Debug|Any CPU
		{6B1457B2-3311-47A4-94A4-CE953D7CDE7C}.Release|Any CPU.ActiveCfg = Release|Any CPU
		{6B1457B2-3311-47A4-94A4-CE953D7CDE7C}.Release|Any CPU.Build.0 = Release|Any CPU
		{304FF427-C8CB-4355-AC2A-C7369620F61F}.Debug|Any CPU.ActiveCfg = Debug|Any CPU
		{304FF427-C8CB-4355-AC2A-C7369620F61F}.Debug|Any CPU.Build.0 = Debug|Any CPU
		{304FF427-C8CB-4355-AC2A-C7369620F61F}.Release|Any CPU.ActiveCfg = Release|Any CPU
		{304FF427-C8CB-4355-AC2A-C7369620F61F}.Release|Any CPU.Build.0 = Release|Any CPU
		{95B8934A-A724-416A-9E0F-815095D7D7D3}.Debug|Any CPU.ActiveCfg = Debug|Any CPU
		{95B8934A-A724-416A-9E0F-815095D7D7D3}.Debug|Any CPU.Build.0 = Debug|Any CPU
		{95B8934A-A724-416A-9E0F-815095D7D7D3}.Release|Any CPU.ActiveCfg = Release|Any CPU
		{95B8934A-A724-416A-9E0F-815095D7D7D3}.Release|Any CPU.Build.0 = Release|Any CPU
		{B2CB6F37-BD5D-43BA-89F5-844D8A787C52}.Debug|Any CPU.ActiveCfg = Debug|Any CPU
		{B2CB6F37-BD5D-43BA-89F5-844D8A787C52}.Debug|Any CPU.Build.0 = Debug|Any CPU
		{B2CB6F37-BD5D-43BA-89F5-844D8A787C52}.Release|Any CPU.ActiveCfg = Release|Any CPU
		{B2CB6F37-BD5D-43BA-89F5-844D8A787C52}.Release|Any CPU.Build.0 = Release|Any CPU
	EndGlobalSection
EndGlobal
