
Microsoft Visual Studio Solution File, Format Version 12.00
Project("{FAE04EC0-301F-11D3-BF4B-00C04F79EFBC}") = "_001", "_001\_001.csproj", "{33784F2D-B549-4C9E-AFE0-868812C5BADA}"
EndProject
Project("{FAE04EC0-301F-11D3-BF4B-00C04F79EFBC}") = "_002", "_002\_002.csproj", "{F12F08ED-AF85-4F9F-BA2E-A3331403E0EB}"
EndProject
Project("{FAE04EC0-301F-11D3-BF4B-00C04F79EFBC}") = "_003", "_003\_003.csproj", "{D61B5D89-CE69-417E-BD4F-0882D6AEF3B2}"
EndProject
Project("{FAE04EC0-301F-11D3-BF4B-00C04F79EFBC}") = "_004", "_004\_004.csproj", "{A1AC4805-05D2-4FC1-B312-E57BF12A1711}"
EndProject
Project("{FAE04EC0-301F-11D3-BF4B-00C04F79EFBC}") = "_005", "_005\_005.csproj", "{18DA7CE7-66EF-4941-B88C-95B32B3B067F}"
EndProject
Project("{FAE04EC0-301F-11D3-BF4B-00C04F79EFBC}") = "_006", "_006\_006.csproj", "{2CB51B94-BB99-4BCC-A364-F3A8B153AF39}"
EndProject
Project("{FAE04EC0-301F-11D3-BF4B-00C04F79EFBC}") = "_007", "_007\_007.csproj", "{6E399717-747D-4ABF-B2B1-48DF1EE80464}"
EndProject
Global
	GlobalSection(SolutionConfigurationPlatforms) = preSolution
		Debug|Any CPU = Debug|Any CPU
		Release|Any CPU = Release|Any CPU
	EndGlobalSection
	GlobalSection(ProjectConfigurationPlatforms) = postSolution
		{33784F2D-B549-4C9E-AFE0-868812C5BADA}.Debug|Any CPU.ActiveCfg = Debug|Any CPU
		{33784F2D-B549-4C9E-AFE0-868812C5BADA}.Debug|Any CPU.Build.0 = Debug|Any CPU
		{33784F2D-B549-4C9E-AFE0-868812C5BADA}.Release|Any CPU.ActiveCfg = Release|Any CPU
		{33784F2D-B549-4C9E-AFE0-868812C5BADA}.Release|Any CPU.Build.0 = Release|Any CPU
		{F12F08ED-AF85-4F9F-BA2E-A3331403E0EB}.Debug|Any CPU.ActiveCfg = Debug|Any CPU
		{F12F08ED-AF85-4F9F-BA2E-A3331403E0EB}.Debug|Any CPU.Build.0 = Debug|Any CPU
		{F12F08ED-AF85-4F9F-BA2E-A3331403E0EB}.Release|Any CPU.ActiveCfg = Release|Any CPU
		{F12F08ED-AF85-4F9F-BA2E-A3331403E0EB}.Release|Any CPU.Build.0 = Release|Any CPU
		{D61B5D89-CE69-417E-BD4F-0882D6AEF3B2}.Debug|Any CPU.ActiveCfg = Debug|Any CPU
		{D61B5D89-CE69-417E-BD4F-0882D6AEF3B2}.Debug|Any CPU.Build.0 = Debug|Any CPU
		{D61B5D89-CE69-417E-BD4F-0882D6AEF3B2}.Release|Any CPU.ActiveCfg = Release|Any CPU
		{D61B5D89-CE69-417E-BD4F-0882D6AEF3B2}.Release|Any CPU.Build.0 = Release|Any CPU
		{A1AC4805-05D2-4FC1-B312-E57BF12A1711}.Debug|Any CPU.ActiveCfg = Debug|Any CPU
		{A1AC4805-05D2-4FC1-B312-E57BF12A1711}.Debug|Any CPU.Build.0 = Debug|Any CPU
		{A1AC4805-05D2-4FC1-B312-E57BF12A1711}.Release|Any CPU.ActiveCfg = Release|Any CPU
		{A1AC4805-05D2-4FC1-B312-E57BF12A1711}.Release|Any CPU.Build.0 = Release|Any CPU
		{18DA7CE7-66EF-4941-B88C-95B32B3B067F}.Debug|Any CPU.ActiveCfg = Debug|Any CPU
		{18DA7CE7-66EF-4941-B88C-95B32B3B067F}.Debug|Any CPU.Build.0 = Debug|Any CPU
		{18DA7CE7-66EF-4941-B88C-95B32B3B067F}.Release|Any CPU.ActiveCfg = Release|Any CPU
		{18DA7CE7-66EF-4941-B88C-95B32B3B067F}.Release|Any CPU.Build.0 = Release|Any CPU
		{2CB51B94-BB99-4BCC-A364-F3A8B153AF39}.Debug|Any CPU.ActiveCfg = Debug|Any CPU
		{2CB51B94-BB99-4BCC-A364-F3A8B153AF39}.Debug|Any CPU.Build.0 = Debug|Any CPU
		{2CB51B94-BB99-4BCC-A364-F3A8B153AF39}.Release|Any CPU.ActiveCfg = Release|Any CPU
		{2CB51B94-BB99-4BCC-A364-F3A8B153AF39}.Release|Any CPU.Build.0 = Release|Any CPU
		{6E399717-747D-4ABF-B2B1-48DF1EE80464}.Debug|Any CPU.ActiveCfg = Debug|Any CPU
		{6E399717-747D-4ABF-B2B1-48DF1EE80464}.Debug|Any CPU.Build.0 = Debug|Any CPU
		{6E399717-747D-4ABF-B2B1-48DF1EE80464}.Release|Any CPU.ActiveCfg = Release|Any CPU
		{6E399717-747D-4ABF-B2B1-48DF1EE80464}.Release|Any CPU.Build.0 = Release|Any CPU
	EndGlobalSection
EndGlobal
