
Microsoft Visual Studio Solution File, Format Version 12.00
Project("{FAE04EC0-301F-11D3-BF4B-00C04F79EFBC}") = "_001", "_001\_001.csproj", "{C836FAC1-52DA-4B00-B583-CC9B567D6EA1}"
EndProject
Project("{FAE04EC0-301F-11D3-BF4B-00C04F79EFBC}") = "_002", "_002\_002.csproj", "{94663301-2821-4B99-AEC9-1A657E0934EB}"
EndProject
Project("{FAE04EC0-301F-11D3-BF4B-00C04F79EFBC}") = "_003", "_003\_003.csproj", "{9F6143C2-19B8-4830-8C3E-EBB6DF9F96CC}"
EndProject
Project("{FAE04EC0-301F-11D3-BF4B-00C04F79EFBC}") = "_004", "_004\_004.csproj", "{E20F0D78-6FD2-4309-8A9C-12873477D0BA}"
EndProject
Project("{FAE04EC0-301F-11D3-BF4B-00C04F79EFBC}") = "_005", "_005\_005.csproj", "{DD44E222-FBB5-4FF1-8DCF-E57779887D9A}"
EndProject
Project("{FAE04EC0-301F-11D3-BF4B-00C04F79EFBC}") = "_006", "_006\_006.csproj", "{82D2A3A9-1F38-4794-84DB-63A74CD7AB42}"
EndProject
Project("{FAE04EC0-301F-11D3-BF4B-00C04F79EFBC}") = "_007", "_007\_007.csproj", "{06CE0497-368C-4CF2-A062-E50657F92BB9}"
EndProject
Project("{FAE04EC0-301F-11D3-BF4B-00C04F79EFBC}") = "_008", "_008\_008.csproj", "{D1796D4C-54B2-4A32-9D0F-A3B9AA2A13EC}"
EndProject
Project("{FAE04EC0-301F-11D3-BF4B-00C04F79EFBC}") = "_009", "_009\_009.csproj", "{C9D14F70-C03A-4A87-A343-26380B395F65}"
EndProject
Project("{FAE04EC0-301F-11D3-BF4B-00C04F79EFBC}") = "_010", "_010\_010.csproj", "{F73634C2-E092-48FE-9707-0A2781460B3E}"
EndProject
Project("{FAE04EC0-301F-11D3-BF4B-00C04F79EFBC}") = "_011", "_011\_011.csproj", "{C6B8BF44-3F21-47AA-B1F9-1ABC8373921E}"
EndProject
Project("{FAE04EC0-301F-11D3-BF4B-00C04F79EFBC}") = "_012", "_012\_012.csproj", "{4E679A86-EACF-40B5-8174-23151F03CF8C}"
EndProject
Global
	GlobalSection(SolutionConfigurationPlatforms) = preSolution
		Debug|Any CPU = Debug|Any CPU
		Release|Any CPU = Release|Any CPU
	EndGlobalSection
	GlobalSection(ProjectConfigurationPlatforms) = postSolution
		{C836FAC1-52DA-4B00-B583-CC9B567D6EA1}.Debug|Any CPU.ActiveCfg = Debug|Any CPU
		{C836FAC1-52DA-4B00-B583-CC9B567D6EA1}.Debug|Any CPU.Build.0 = Debug|Any CPU
		{C836FAC1-52DA-4B00-B583-CC9B567D6EA1}.Release|Any CPU.ActiveCfg = Release|Any CPU
		{C836FAC1-52DA-4B00-B583-CC9B567D6EA1}.Release|Any CPU.Build.0 = Release|Any CPU
		{94663301-2821-4B99-AEC9-1A657E0934EB}.Debug|Any CPU.ActiveCfg = Debug|Any CPU
		{94663301-2821-4B99-AEC9-1A657E0934EB}.Debug|Any CPU.Build.0 = Debug|Any CPU
		{94663301-2821-4B99-AEC9-1A657E0934EB}.Release|Any CPU.ActiveCfg = Release|Any CPU
		{94663301-2821-4B99-AEC9-1A657E0934EB}.Release|Any CPU.Build.0 = Release|Any CPU
		{9F6143C2-19B8-4830-8C3E-EBB6DF9F96CC}.Debug|Any CPU.ActiveCfg = Debug|Any CPU
		{9F6143C2-19B8-4830-8C3E-EBB6DF9F96CC}.Debug|Any CPU.Build.0 = Debug|Any CPU
		{9F6143C2-19B8-4830-8C3E-EBB6DF9F96CC}.Release|Any CPU.ActiveCfg = Release|Any CPU
		{9F6143C2-19B8-4830-8C3E-EBB6DF9F96CC}.Release|Any CPU.Build.0 = Release|Any CPU
		{E20F0D78-6FD2-4309-8A9C-12873477D0BA}.Debug|Any CPU.ActiveCfg = Debug|Any CPU
		{E20F0D78-6FD2-4309-8A9C-12873477D0BA}.Debug|Any CPU.Build.0 = Debug|Any CPU
		{E20F0D78-6FD2-4309-8A9C-12873477D0BA}.Release|Any CPU.ActiveCfg = Release|Any CPU
		{E20F0D78-6FD2-4309-8A9C-12873477D0BA}.Release|Any CPU.Build.0 = Release|Any CPU
		{DD44E222-FBB5-4FF1-8DCF-E57779887D9A}.Debug|Any CPU.ActiveCfg = Debug|Any CPU
		{DD44E222-FBB5-4FF1-8DCF-E57779887D9A}.Debug|Any CPU.Build.0 = Debug|Any CPU
		{DD44E222-FBB5-4FF1-8DCF-E57779887D9A}.Release|Any CPU.ActiveCfg = Release|Any CPU
		{DD44E222-FBB5-4FF1-8DCF-E57779887D9A}.Release|Any CPU.Build.0 = Release|Any CPU
		{82D2A3A9-1F38-4794-84DB-63A74CD7AB42}.Debug|Any CPU.ActiveCfg = Debug|Any CPU
		{82D2A3A9-1F38-4794-84DB-63A74CD7AB42}.Debug|Any CPU.Build.0 = Debug|Any CPU
		{82D2A3A9-1F38-4794-84DB-63A74CD7AB42}.Release|Any CPU.ActiveCfg = Release|Any CPU
		{82D2A3A9-1F38-4794-84DB-63A74CD7AB42}.Release|Any CPU.Build.0 = Release|Any CPU
		{06CE0497-368C-4CF2-A062-E50657F92BB9}.Debug|Any CPU.ActiveCfg = Debug|Any CPU
		{06CE0497-368C-4CF2-A062-E50657F92BB9}.Debug|Any CPU.Build.0 = Debug|Any CPU
		{06CE0497-368C-4CF2-A062-E50657F92BB9}.Release|Any CPU.ActiveCfg = Release|Any CPU
		{06CE0497-368C-4CF2-A062-E50657F92BB9}.Release|Any CPU.Build.0 = Release|Any CPU
		{D1796D4C-54B2-4A32-9D0F-A3B9AA2A13EC}.Debug|Any CPU.ActiveCfg = Debug|Any CPU
		{D1796D4C-54B2-4A32-9D0F-A3B9AA2A13EC}.Debug|Any CPU.Build.0 = Debug|Any CPU
		{D1796D4C-54B2-4A32-9D0F-A3B9AA2A13EC}.Release|Any CPU.ActiveCfg = Release|Any CPU
		{D1796D4C-54B2-4A32-9D0F-A3B9AA2A13EC}.Release|Any CPU.Build.0 = Release|Any CPU
		{C9D14F70-C03A-4A87-A343-26380B395F65}.Debug|Any CPU.ActiveCfg = Debug|Any CPU
		{C9D14F70-C03A-4A87-A343-26380B395F65}.Debug|Any CPU.Build.0 = Debug|Any CPU
		{C9D14F70-C03A-4A87-A343-26380B395F65}.Release|Any CPU.ActiveCfg = Release|Any CPU
		{C9D14F70-C03A-4A87-A343-26380B395F65}.Release|Any CPU.Build.0 = Release|Any CPU
		{F73634C2-E092-48FE-9707-0A2781460B3E}.Debug|Any CPU.ActiveCfg = Debug|Any CPU
		{F73634C2-E092-48FE-9707-0A2781460B3E}.Debug|Any CPU.Build.0 = Debug|Any CPU
		{F73634C2-E092-48FE-9707-0A2781460B3E}.Release|Any CPU.ActiveCfg = Release|Any CPU
		{F73634C2-E092-48FE-9707-0A2781460B3E}.Release|Any CPU.Build.0 = Release|Any CPU
		{C6B8BF44-3F21-47AA-B1F9-1ABC8373921E}.Debug|Any CPU.ActiveCfg = Debug|Any CPU
		{C6B8BF44-3F21-47AA-B1F9-1ABC8373921E}.Debug|Any CPU.Build.0 = Debug|Any CPU
		{C6B8BF44-3F21-47AA-B1F9-1ABC8373921E}.Release|Any CPU.ActiveCfg = Release|Any CPU
		{C6B8BF44-3F21-47AA-B1F9-1ABC8373921E}.Release|Any CPU.Build.0 = Release|Any CPU
		{4E679A86-EACF-40B5-8174-23151F03CF8C}.Debug|Any CPU.ActiveCfg = Debug|Any CPU
		{4E679A86-EACF-40B5-8174-23151F03CF8C}.Debug|Any CPU.Build.0 = Debug|Any CPU
		{4E679A86-EACF-40B5-8174-23151F03CF8C}.Release|Any CPU.ActiveCfg = Release|Any CPU
		{4E679A86-EACF-40B5-8174-23151F03CF8C}.Release|Any CPU.Build.0 = Release|Any CPU
	EndGlobalSection
EndGlobal
