
Microsoft Visual Studio Solution File, Format Version 12.00
Project("{FAE04EC0-301F-11D3-BF4B-00C04F79EFBC}") = "_001", "_001\_001.csproj", "{A456B057-F738-499F-BD22-EFFABF920693}"
EndProject
Project("{FAE04EC0-301F-11D3-BF4B-00C04F79EFBC}") = "_002", "_002\_002.csproj", "{62C09BCF-CD78-4782-BBCF-C6458FE648A5}"
EndProject
Project("{FAE04EC0-301F-11D3-BF4B-00C04F79EFBC}") = "_003", "_003\_003.csproj", "{0B490378-C580-4F2A-9A8C-DD222D98EC5D}"
EndProject
Project("{FAE04EC0-301F-11D3-BF4B-00C04F79EFBC}") = "_004", "_004\_004.csproj", "{A07B3D19-3D26-4F6A-9968-89EAD19ED98F}"
EndProject
Project("{FAE04EC0-301F-11D3-BF4B-00C04F79EFBC}") = "_005", "_005\_005.csproj", "{7C060B4E-A5D4-4EA1-B0A0-9E9965E352D6}"
EndProject
Project("{FAE04EC0-301F-11D3-BF4B-00C04F79EFBC}") = "_006", "_006\_006.csproj", "{96C62828-A4DD-412B-BAA1-ABCC3993857B}"
EndProject
Project("{FAE04EC0-301F-11D3-BF4B-00C04F79EFBC}") = "_007", "_007\_007.csproj", "{E68D31E9-36ED-4192-AC1C-FC81303E04F4}"
EndProject
Global
	GlobalSection(SolutionConfigurationPlatforms) = preSolution
		Debug|Any CPU = Debug|Any CPU
		Release|Any CPU = Release|Any CPU
	EndGlobalSection
	GlobalSection(ProjectConfigurationPlatforms) = postSolution
		{A456B057-F738-499F-BD22-EFFABF920693}.Debug|Any CPU.ActiveCfg = Debug|Any CPU
		{A456B057-F738-499F-BD22-EFFABF920693}.Debug|Any CPU.Build.0 = Debug|Any CPU
		{A456B057-F738-499F-BD22-EFFABF920693}.Release|Any CPU.ActiveCfg = Release|Any CPU
		{A456B057-F738-499F-BD22-EFFABF920693}.Release|Any CPU.Build.0 = Release|Any CPU
		{62C09BCF-CD78-4782-BBCF-C6458FE648A5}.Debug|Any CPU.ActiveCfg = Debug|Any CPU
		{62C09BCF-CD78-4782-BBCF-C6458FE648A5}.Debug|Any CPU.Build.0 = Debug|Any CPU
		{62C09BCF-CD78-4782-BBCF-C6458FE648A5}.Release|Any CPU.ActiveCfg = Release|Any CPU
		{62C09BCF-CD78-4782-BBCF-C6458FE648A5}.Release|Any CPU.Build.0 = Release|Any CPU
		{0B490378-C580-4F2A-9A8C-DD222D98EC5D}.Debug|Any CPU.ActiveCfg = Debug|Any CPU
		{0B490378-C580-4F2A-9A8C-DD222D98EC5D}.Debug|Any CPU.Build.0 = Debug|Any CPU
		{0B490378-C580-4F2A-9A8C-DD222D98EC5D}.Release|Any CPU.ActiveCfg = Release|Any CPU
		{0B490378-C580-4F2A-9A8C-DD222D98EC5D}.Release|Any CPU.Build.0 = Release|Any CPU
		{A07B3D19-3D26-4F6A-9968-89EAD19ED98F}.Debug|Any CPU.ActiveCfg = Debug|Any CPU
		{A07B3D19-3D26-4F6A-9968-89EAD19ED98F}.Debug|Any CPU.Build.0 = Debug|Any CPU
		{A07B3D19-3D26-4F6A-9968-89EAD19ED98F}.Release|Any CPU.ActiveCfg = Release|Any CPU
		{A07B3D19-3D26-4F6A-9968-89EAD19ED98F}.Release|Any CPU.Build.0 = Release|Any CPU
		{7C060B4E-A5D4-4EA1-B0A0-9E9965E352D6}.Debug|Any CPU.ActiveCfg = Debug|Any CPU
		{7C060B4E-A5D4-4EA1-B0A0-9E9965E352D6}.Debug|Any CPU.Build.0 = Debug|Any CPU
		{7C060B4E-A5D4-4EA1-B0A0-9E9965E352D6}.Release|Any CPU.ActiveCfg = Release|Any CPU
		{7C060B4E-A5D4-4EA1-B0A0-9E9965E352D6}.Release|Any CPU.Build.0 = Release|Any CPU
		{96C62828-A4DD-412B-BAA1-ABCC3993857B}.Debug|Any CPU.ActiveCfg = Debug|Any CPU
		{96C62828-A4DD-412B-BAA1-ABCC3993857B}.Debug|Any CPU.Build.0 = Debug|Any CPU
		{96C62828-A4DD-412B-BAA1-ABCC3993857B}.Release|Any CPU.ActiveCfg = Release|Any CPU
		{96C62828-A4DD-412B-BAA1-ABCC3993857B}.Release|Any CPU.Build.0 = Release|Any CPU
		{E68D31E9-36ED-4192-AC1C-FC81303E04F4}.Debug|Any CPU.ActiveCfg = Debug|Any CPU
		{E68D31E9-36ED-4192-AC1C-FC81303E04F4}.Debug|Any CPU.Build.0 = Debug|Any CPU
		{E68D31E9-36ED-4192-AC1C-FC81303E04F4}.Release|Any CPU.ActiveCfg = Release|Any CPU
		{E68D31E9-36ED-4192-AC1C-FC81303E04F4}.Release|Any CPU.Build.0 = Release|Any CPU
	EndGlobalSection
EndGlobal
