
Microsoft Visual Studio Solution File, Format Version 12.00
Project("{FAE04EC0-301F-11D3-BF4B-00C04F79EFBC}") = "_001", "_001\_001.csproj", "{EC4C2BA7-F7BC-48FE-A209-D5A7F9209E7D}"
EndProject
Project("{FAE04EC0-301F-11D3-BF4B-00C04F79EFBC}") = "_002", "_002\_002.csproj", "{F9F02F7A-7BCE-4976-91C5-5BC1E69D8B2A}"
EndProject
Project("{FAE04EC0-301F-11D3-BF4B-00C04F79EFBC}") = "_003", "_003\_003.csproj", "{A9B79E51-DF55-44A3-8689-4B252B9ACE0C}"
EndProject
Project("{FAE04EC0-301F-11D3-BF4B-00C04F79EFBC}") = "_004", "_004\_004.csproj", "{C501842B-957E-4E46-A412-F1D8F147D775}"
EndProject
Project("{FAE04EC0-301F-11D3-BF4B-00C04F79EFBC}") = "_005", "_005\_005.csproj", "{876AEF20-797C-4A13-852B-F8D96847508D}"
EndProject
Project("{FAE04EC0-301F-11D3-BF4B-00C04F79EFBC}") = "_006", "_006\_006.csproj", "{E98D1639-6BFA-4A62-A8CC-0C9B772C785D}"
EndProject
Project("{FAE04EC0-301F-11D3-BF4B-00C04F79EFBC}") = "_007", "_007\_007.csproj", "{3871FBEA-3F88-43E1-B8BB-5B7CEB43B198}"
EndProject
Project("{FAE04EC0-301F-11D3-BF4B-00C04F79EFBC}") = "_008", "_008\_008.csproj", "{D3F24115-2B17-440D-B7E8-E3EA66C73F3F}"
EndProject
Project("{FAE04EC0-301F-11D3-BF4B-00C04F79EFBC}") = "_009", "_009\_009.csproj", "{3CE1390B-423C-4BE8-A075-590057460353}"
EndProject
Global
	GlobalSection(SolutionConfigurationPlatforms) = preSolution
		Debug|Any CPU = Debug|Any CPU
		Release|Any CPU = Release|Any CPU
	EndGlobalSection
	GlobalSection(ProjectConfigurationPlatforms) = postSolution
		{EC4C2BA7-F7BC-48FE-A209-D5A7F9209E7D}.Debug|Any CPU.ActiveCfg = Debug|Any CPU
		{EC4C2BA7-F7BC-48FE-A209-D5A7F9209E7D}.Debug|Any CPU.Build.0 = Debug|Any CPU
		{EC4C2BA7-F7BC-48FE-A209-D5A7F9209E7D}.Release|Any CPU.ActiveCfg = Release|Any CPU
		{EC4C2BA7-F7BC-48FE-A209-D5A7F9209E7D}.Release|Any CPU.Build.0 = Release|Any CPU
		{F9F02F7A-7BCE-4976-91C5-5BC1E69D8B2A}.Debug|Any CPU.ActiveCfg = Debug|Any CPU
		{F9F02F7A-7BCE-4976-91C5-5BC1E69D8B2A}.Debug|Any CPU.Build.0 = Debug|Any CPU
		{F9F02F7A-7BCE-4976-91C5-5BC1E69D8B2A}.Release|Any CPU.ActiveCfg = Release|Any CPU
		{F9F02F7A-7BCE-4976-91C5-5BC1E69D8B2A}.Release|Any CPU.Build.0 = Release|Any CPU
		{A9B79E51-DF55-44A3-8689-4B252B9ACE0C}.Debug|Any CPU.ActiveCfg = Debug|Any CPU
		{A9B79E51-DF55-44A3-8689-4B252B9ACE0C}.Debug|Any CPU.Build.0 = Debug|Any CPU
		{A9B79E51-DF55-44A3-8689-4B252B9ACE0C}.Release|Any CPU.ActiveCfg = Release|Any CPU
		{A9B79E51-DF55-44A3-8689-4B252B9ACE0C}.Release|Any CPU.Build.0 = Release|Any CPU
		{C501842B-957E-4E46-A412-F1D8F147D775}.Debug|Any CPU.ActiveCfg = Debug|Any CPU
		{C501842B-957E-4E46-A412-F1D8F147D775}.Debug|Any CPU.Build.0 = Debug|Any CPU
		{C501842B-957E-4E46-A412-F1D8F147D775}.Release|Any CPU.ActiveCfg = Release|Any CPU
		{C501842B-957E-4E46-A412-F1D8F147D775}.Release|Any CPU.Build.0 = Release|Any CPU
		{876AEF20-797C-4A13-852B-F8D96847508D}.Debug|Any CPU.ActiveCfg = Debug|Any CPU
		{876AEF20-797C-4A13-852B-F8D96847508D}.Debug|Any CPU.Build.0 = Debug|Any CPU
		{876AEF20-797C-4A13-852B-F8D96847508D}.Release|Any CPU.ActiveCfg = Release|Any CPU
		{876AEF20-797C-4A13-852B-F8D96847508D}.Release|Any CPU.Build.0 = Release|Any CPU
		{E98D1639-6BFA-4A62-A8CC-0C9B772C785D}.Debug|Any CPU.ActiveCfg = Debug|Any CPU
		{E98D1639-6BFA-4A62-A8CC-0C9B772C785D}.Debug|Any CPU.Build.0 = Debug|Any CPU
		{E98D1639-6BFA-4A62-A8CC-0C9B772C785D}.Release|Any CPU.ActiveCfg = Release|Any CPU
		{E98D1639-6BFA-4A62-A8CC-0C9B772C785D}.Release|Any CPU.Build.0 = Release|Any CPU
		{3871FBEA-3F88-43E1-B8BB-5B7CEB43B198}.Debug|Any CPU.ActiveCfg = Debug|Any CPU
		{3871FBEA-3F88-43E1-B8BB-5B7CEB43B198}.Debug|Any CPU.Build.0 = Debug|Any CPU
		{3871FBEA-3F88-43E1-B8BB-5B7CEB43B198}.Release|Any CPU.ActiveCfg = Release|Any CPU
		{3871FBEA-3F88-43E1-B8BB-5B7CEB43B198}.Release|Any CPU.Build.0 = Release|Any CPU
		{D3F24115-2B17-440D-B7E8-E3EA66C73F3F}.Debug|Any CPU.ActiveCfg = Debug|Any CPU
		{D3F24115-2B17-440D-B7E8-E3EA66C73F3F}.Debug|Any CPU.Build.0 = Debug|Any CPU
		{D3F24115-2B17-440D-B7E8-E3EA66C73F3F}.Release|Any CPU.ActiveCfg = Release|Any CPU
		{D3F24115-2B17-440D-B7E8-E3EA66C73F3F}.Release|Any CPU.Build.0 = Release|Any CPU
		{3CE1390B-423C-4BE8-A075-590057460353}.Debug|Any CPU.ActiveCfg = Debug|Any CPU
		{3CE1390B-423C-4BE8-A075-590057460353}.Debug|Any CPU.Build.0 = Debug|Any CPU
		{3CE1390B-423C-4BE8-A075-590057460353}.Release|Any CPU.ActiveCfg = Release|Any CPU
		{3CE1390B-423C-4BE8-A075-590057460353}.Release|Any CPU.Build.0 = Release|Any CPU
	EndGlobalSection
EndGlobal
