
Microsoft Visual Studio Solution File, Format Version 12.00
Project("{FAE04EC0-301F-11D3-BF4B-00C04F79EFBC}") = "_001", "_001\_001.csproj", "{B0AFD13F-3486-44FB-A302-BB5BB94BC158}"
EndProject
Project("{FAE04EC0-301F-11D3-BF4B-00C04F79EFBC}") = "_002", "_002\_002.csproj", "{B7B49F2D-535A-4569-81FD-0977B5A525BB}"
EndProject
Project("{FAE04EC0-301F-11D3-BF4B-00C04F79EFBC}") = "_003", "_003\_003.csproj", "{1821A656-317F-41C9-BED4-5FA591901558}"
EndProject
Project("{FAE04EC0-301F-11D3-BF4B-00C04F79EFBC}") = "_004", "_004\_004.csproj", "{DA92C1B7-9C44-4DAD-8B5C-C6522DE4D4F4}"
EndProject
Project("{FAE04EC0-301F-11D3-BF4B-00C04F79EFBC}") = "_005", "_005\_005.csproj", "{A32AC74F-965D-4BE9-A9AA-F1E35A2C8EE2}"
EndProject
Project("{FAE04EC0-301F-11D3-BF4B-00C04F79EFBC}") = "_006", "_006\_006.csproj", "{246CD5CA-4A8C-4F82-A44D-6C9A9DD0D505}"
EndProject
Project("{FAE04EC0-301F-11D3-BF4B-00C04F79EFBC}") = "_007", "_007\_007.csproj", "{D76F7AC6-CB07-4D0C-8996-CFF27ACF1F0C}"
EndProject
Project("{FAE04EC0-301F-11D3-BF4B-00C04F79EFBC}") = "_008", "_008\_008.csproj", "{A7EECB76-E544-491A-8B83-774808F889BC}"
EndProject
Project("{FAE04EC0-301F-11D3-BF4B-00C04F79EFBC}") = "_009", "_009\_009.csproj", "{78DDB1BB-8DEF-4F0F-BA4F-BA9E7AE539E5}"
EndProject
Project("{FAE04EC0-301F-11D3-BF4B-00C04F79EFBC}") = "_010", "_010\_010.csproj", "{C4AE6C14-B7CF-4BAB-920A-EAD2C2769ED9}"
EndProject
Project("{FAE04EC0-301F-11D3-BF4B-00C04F79EFBC}") = "_011", "_011\_011.csproj", "{74CFE8BB-6326-41AD-BB7F-5641154E3EE0}"
EndProject
Project("{FAE04EC0-301F-11D3-BF4B-00C04F79EFBC}") = "_012", "_012\_012.csproj", "{99E40D21-3245-4D6A-B7C6-745E7A5DA217}"
EndProject
Global
	GlobalSection(SolutionConfigurationPlatforms) = preSolution
		Debug|Any CPU = Debug|Any CPU
		Release|Any CPU = Release|Any CPU
	EndGlobalSection
	GlobalSection(ProjectConfigurationPlatforms) = postSolution
		{B0AFD13F-3486-44FB-A302-BB5BB94BC158}.Debug|Any CPU.ActiveCfg = Debug|Any CPU
		{B0AFD13F-3486-44FB-A302-BB5BB94BC158}.Debug|Any CPU.Build.0 = Debug|Any CPU
		{B0AFD13F-3486-44FB-A302-BB5BB94BC158}.Release|Any CPU.ActiveCfg = Release|Any CPU
		{B0AFD13F-3486-44FB-A302-BB5BB94BC158}.Release|Any CPU.Build.0 = Release|Any CPU
		{B7B49F2D-535A-4569-81FD-0977B5A525BB}.Debug|Any CPU.ActiveCfg = Debug|Any CPU
		{B7B49F2D-535A-4569-81FD-0977B5A525BB}.Debug|Any CPU.Build.0 = Debug|Any CPU
		{B7B49F2D-535A-4569-81FD-0977B5A525BB}.Release|Any CPU.ActiveCfg = Release|Any CPU
		{B7B49F2D-535A-4569-81FD-0977B5A525BB}.Release|Any CPU.Build.0 = Release|Any CPU
		{1821A656-317F-41C9-BED4-5FA591901558}.Debug|Any CPU.ActiveCfg = Debug|Any CPU
		{1821A656-317F-41C9-BED4-5FA591901558}.Debug|Any CPU.Build.0 = Debug|Any CPU
		{1821A656-317F-41C9-BED4-5FA591901558}.Release|Any CPU.ActiveCfg = Release|Any CPU
		{1821A656-317F-41C9-BED4-5FA591901558}.Release|Any CPU.Build.0 = Release|Any CPU
		{DA92C1B7-9C44-4DAD-8B5C-C6522DE4D4F4}.Debug|Any CPU.ActiveCfg = Debug|Any CPU
		{DA92C1B7-9C44-4DAD-8B5C-C6522DE4D4F4}.Debug|Any CPU.Build.0 = Debug|Any CPU
		{DA92C1B7-9C44-4DAD-8B5C-C6522DE4D4F4}.Release|Any CPU.ActiveCfg = Release|Any CPU
		{DA92C1B7-9C44-4DAD-8B5C-C6522DE4D4F4}.Release|Any CPU.Build.0 = Release|Any CPU
		{A32AC74F-965D-4BE9-A9AA-F1E35A2C8EE2}.Debug|Any CPU.ActiveCfg = Debug|Any CPU
		{A32AC74F-965D-4BE9-A9AA-F1E35A2C8EE2}.Debug|Any CPU.Build.0 = Debug|Any CPU
		{A32AC74F-965D-4BE9-A9AA-F1E35A2C8EE2}.Release|Any CPU.ActiveCfg = Release|Any CPU
		{A32AC74F-965D-4BE9-A9AA-F1E35A2C8EE2}.Release|Any CPU.Build.0 = Release|Any CPU
		{246CD5CA-4A8C-4F82-A44D-6C9A9DD0D505}.Debug|Any CPU.ActiveCfg = Debug|Any CPU
		{246CD5CA-4A8C-4F82-A44D-6C9A9DD0D505}.Debug|Any CPU.Build.0 = Debug|Any CPU
		{246CD5CA-4A8C-4F82-A44D-6C9A9DD0D505}.Release|Any CPU.ActiveCfg = Release|Any CPU
		{246CD5CA-4A8C-4F82-A44D-6C9A9DD0D505}.Release|Any CPU.Build.0 = Release|Any CPU
		{D76F7AC6-CB07-4D0C-8996-CFF27ACF1F0C}.Debug|Any CPU.ActiveCfg = Debug|Any CPU
		{D76F7AC6-CB07-4D0C-8996-CFF27ACF1F0C}.Debug|Any CPU.Build.0 = Debug|Any CPU
		{D76F7AC6-CB07-4D0C-8996-CFF27ACF1F0C}.Release|Any CPU.ActiveCfg = Release|Any CPU
		{D76F7AC6-CB07-4D0C-8996-CFF27ACF1F0C}.Release|Any CPU.Build.0 = Release|Any CPU
		{A7EECB76-E544-491A-8B83-774808F889BC}.Debug|Any CPU.ActiveCfg = Debug|Any CPU
		{A7EECB76-E544-491A-8B83-774808F889BC}.Debug|Any CPU.Build.0 = Debug|Any CPU
		{A7EECB76-E544-491A-8B83-774808F889BC}.Release|Any CPU.ActiveCfg = Release|Any CPU
		{A7EECB76-E544-491A-8B83-774808F889BC}.Release|Any CPU.Build.0 = Release|Any CPU
		{78DDB1BB-8DEF-4F0F-BA4F-BA9E7AE539E5}.Debug|Any CPU.ActiveCfg = Debug|Any CPU
		{78DDB1BB-8DEF-4F0F-BA4F-BA9E7AE539E5}.Debug|Any CPU.Build.0 = Debug|Any CPU
		{78DDB1BB-8DEF-4F0F-BA4F-BA9E7AE539E5}.Release|Any CPU.ActiveCfg = Release|Any CPU
		{78DDB1BB-8DEF-4F0F-BA4F-BA9E7AE539E5}.Release|Any CPU.Build.0 = Release|Any CPU
		{C4AE6C14-B7CF-4BAB-920A-EAD2C2769ED9}.Debug|Any CPU.ActiveCfg = Debug|Any CPU
		{C4AE6C14-B7CF-4BAB-920A-EAD2C2769ED9}.Debug|Any CPU.Build.0 = Debug|Any CPU
		{C4AE6C14-B7CF-4BAB-920A-EAD2C2769ED9}.Release|Any CPU.ActiveCfg = Release|Any CPU
		{C4AE6C14-B7CF-4BAB-920A-EAD2C2769ED9}.Release|Any CPU.Build.0 = Release|Any CPU
		{74CFE8BB-6326-41AD-BB7F-5641154E3EE0}.Debug|Any CPU.ActiveCfg = Debug|Any CPU
		{74CFE8BB-6326-41AD-BB7F-5641154E3EE0}.Debug|Any CPU.Build.0 = Debug|Any CPU
		{74CFE8BB-6326-41AD-BB7F-5641154E3EE0}.Release|Any CPU.ActiveCfg = Release|Any CPU
		{74CFE8BB-6326-41AD-BB7F-5641154E3EE0}.Release|Any CPU.Build.0 = Release|Any CPU
		{99E40D21-3245-4D6A-B7C6-745E7A5DA217}.Debug|Any CPU.ActiveCfg = Debug|Any CPU
		{99E40D21-3245-4D6A-B7C6-745E7A5DA217}.Debug|Any CPU.Build.0 = Debug|Any CPU
		{99E40D21-3245-4D6A-B7C6-745E7A5DA217}.Release|Any CPU.ActiveCfg = Release|Any CPU
		{99E40D21-3245-4D6A-B7C6-745E7A5DA217}.Release|Any CPU.Build.0 = Release|Any CPU
	EndGlobalSection
EndGlobal
